
Microsoft Visual Studio Solution File, Format Version 12.00
# Visual Studio 15
VisualStudioVersion = 15.0.28307.779
MinimumVisualStudioVersion = 10.0.40219.1
Project("{FAE04EC0-301F-11D3-BF4B-00C04F79EFBC}") = "WeeklyStatus.Core", "WeeklyStatus.Core\WeeklyStatus.Core.csproj", "{52FE1A67-FD55-4D7D-B52A-B6EC34453468}"
EndProject
Project("{FAE04EC0-301F-11D3-BF4B-00C04F79EFBC}") = "WeeklyStatus.Api", "WeeklyStatus.Api\WeeklyStatus.Api.csproj", "{64FE8373-782A-40BD-BC3E-246BA906A1D7}"
EndProject
Project("{FAE04EC0-301F-11D3-BF4B-00C04F79EFBC}") = "WeeklyStatus.Web", "WeeklyStatus.Web\WeeklyStatus.Web.csproj", "{58E102B3-7BB7-457F-826A-480FA43906E2}"
EndProject
Global
	GlobalSection(SolutionConfigurationPlatforms) = preSolution
		Debug|Any CPU = Debug|Any CPU
		Release|Any CPU = Release|Any CPU
	EndGlobalSection
	GlobalSection(ProjectConfigurationPlatforms) = postSolution
		{52FE1A67-FD55-4D7D-B52A-B6EC34453468}.Debug|Any CPU.ActiveCfg = Debug|Any CPU
		{52FE1A67-FD55-4D7D-B52A-B6EC34453468}.Debug|Any CPU.Build.0 = Debug|Any CPU
		{52FE1A67-FD55-4D7D-B52A-B6EC34453468}.Release|Any CPU.ActiveCfg = Release|Any CPU
		{52FE1A67-FD55-4D7D-B52A-B6EC34453468}.Release|Any CPU.Build.0 = Release|Any CPU
		{64FE8373-782A-40BD-BC3E-246BA906A1D7}.Debug|Any CPU.ActiveCfg = Debug|Any CPU
		{64FE8373-782A-40BD-BC3E-246BA906A1D7}.Debug|Any CPU.Build.0 = Debug|Any CPU
		{64FE8373-782A-40BD-BC3E-246BA906A1D7}.Release|Any CPU.ActiveCfg = Release|Any CPU
		{64FE8373-782A-40BD-BC3E-246BA906A1D7}.Release|Any CPU.Build.0 = Release|Any CPU
		{58E102B3-7BB7-457F-826A-480FA43906E2}.Debug|Any CPU.ActiveCfg = Debug|Any CPU
		{58E102B3-7BB7-457F-826A-480FA43906E2}.Debug|Any CPU.Build.0 = Debug|Any CPU
		{58E102B3-7BB7-457F-826A-480FA43906E2}.Release|Any CPU.ActiveCfg = Release|Any CPU
		{58E102B3-7BB7-457F-826A-480FA43906E2}.Release|Any CPU.Build.0 = Release|Any CPU
	EndGlobalSection
	GlobalSection(SolutionProperties) = preSolution
		HideSolutionNode = FALSE
	EndGlobalSection
	GlobalSection(ExtensibilityGlobals) = postSolution
		SolutionGuid = {C8FF7772-2E32-41AC-A476-C075514CC6F2}
	EndGlobalSection
EndGlobal
